
Microsoft Visual Studio Solution File, Format Version 12.00
# Visual Studio Version 17
VisualStudioVersion = 17.5.002.0
MinimumVisualStudioVersion = 10.0.40219.1
Project("{9A19103F-16F7-4668-BE54-9A1E7A4F7556}") = "Ratel.Util", "Ratel.Util.csproj", "{4B34D9D2-F239-45B2-BFFE-4A75C08D5091}"
EndProject
Global
	GlobalSection(SolutionConfigurationPlatforms) = preSolution
		Debug|Any CPU = Debug|Any CPU
		Release|Any CPU = Release|Any CPU
	EndGlobalSection
	GlobalSection(ProjectConfigurationPlatforms) = postSolution
		{4B34D9D2-F239-45B2-BFFE-4A75C08D5091}.Debug|Any CPU.ActiveCfg = Debug|Any CPU
		{4B34D9D2-F239-45B2-BFFE-4A75C08D5091}.Debug|Any CPU.Build.0 = Debug|Any CPU
		{4B34D9D2-F239-45B2-BFFE-4A75C08D5091}.Release|Any CPU.ActiveCfg = Release|Any CPU
		{4B34D9D2-F239-45B2-BFFE-4A75C08D5091}.Release|Any CPU.Build.0 = Release|Any CPU
	EndGlobalSection
	GlobalSection(SolutionProperties) = preSolution
		HideSolutionNode = FALSE
	EndGlobalSection
	GlobalSection(ExtensibilityGlobals) = postSolution
		SolutionGuid = {95A8D225-7B85-48E9-88A3-F29B3B6A19CA}
	EndGlobalSection
EndGlobal
